
Microsoft Visual Studio Solution File, Format Version 12.00
# Visual Studio Version 17
VisualStudioVersion = 17.0.31903.59
MinimumVisualStudioVersion = 10.0.40219.1
Project("{FAE04EC0-301F-11D3-BF4B-00C04F79EFBC}") = "VerticalDistrict.Game", "VerticalDistrict.Game.csproj", "{9E2D4A0C-4775-4EE8-92B0-1632E69630D5}"
EndProject
Project("{2150E333-8FDC-42A3-9474-1A3956D46DE8}") = "src", "src", "{827E0CD3-B72D-47B6-A68D-7590B98EB39B}"
EndProject
Project("{FAE04EC0-301F-11D3-BF4B-00C04F79EFBC}") = "VerticalDistrict.Core", "src\VerticalDistrict.Core\VerticalDistrict.Core.csproj", "{ABAE2A19-CB23-4DCF-B8DB-60155205EC2C}"
EndProject
Project("{2150E333-8FDC-42A3-9474-1A3956D46DE8}") = "tests", "tests", "{0AB3BF05-4346-4AA6-1389-037BE0695223}"
EndProject
Project("{FAE04EC0-301F-11D3-BF4B-00C04F79EFBC}") = "VerticalDistrict.Core.Tests", "tests\VerticalDistrict.Core.Tests\VerticalDistrict.Core.Tests.csproj", "{0315EF6F-B42B-4A6E-A6E5-67C38016BE86}"
EndProject
Project("{FAE04EC0-301F-11D3-BF4B-00C04F79EFBC}") = "VerticalDistrict.Geography.Tests", "tests\VerticalDistrict.Geography.Tests\VerticalDistrict.Geography.Tests.csproj", "{17CD252B-B3B0-403E-A85E-8ED2021259C0}"
EndProject
Project("{FAE04EC0-301F-11D3-BF4B-00C04F79EFBC}") = "VerticalDistrict.Persistence.Tests", "tests\VerticalDistrict.Persistence.Tests\VerticalDistrict.Persistence.Tests.csproj", "{40422E5B-5AD1-4797-AD3C-39A9EED1E53F}"
EndProject
Project("{FAE04EC0-301F-11D3-BF4B-00C04F79EFBC}") = "VerticalDistrict.Simulation.Tests", "tests\VerticalDistrict.Simulation.Tests\VerticalDistrict.Simulation.Tests.csproj", "{2E7571DE-56A9-455C-A439-0D6E6B0FBA75}"
EndProject
Project("{FAE04EC0-301F-11D3-BF4B-00C04F79EFBC}") = "VerticalDistrict.Transport.Tests", "tests\VerticalDistrict.Transport.Tests\VerticalDistrict.Transport.Tests.csproj", "{F0C0C755-A210-4986-9A9D-77087D807F92}"
EndProject
Project("{2150E333-8FDC-42A3-9474-1A3956D46DE8}") = "tools", "tools", "{07C2787E-EAC7-C090-1BA3-A61EC2A24D84}"
EndProject
Project("{FAE04EC0-301F-11D3-BF4B-00C04F79EFBC}") = "VerticalDistrict.Benchmarks", "tools\VerticalDistrict.Benchmarks\VerticalDistrict.Benchmarks.csproj", "{81666207-FBF8-42B9-B98F-805BAD6223EE}"
EndProject
Project("{FAE04EC0-301F-11D3-BF4B-00C04F79EFBC}") = "VerticalDistrict.Progression.Tests", "tests\VerticalDistrict.Progression.Tests\VerticalDistrict.Progression.Tests.csproj", "{B2095563-FD60-4A70-B30D-6BC55CD519A4}"
EndProject
Project("{FAE04EC0-301F-11D3-BF4B-00C04F79EFBC}") = "VerticalDistrict.Finance.Tests", "tests\VerticalDistrict.Finance.Tests\VerticalDistrict.Finance.Tests.csproj", "{A3277993-927D-4A9B-81E8-B3DBB90A3517}"
EndProject
Global
	GlobalSection(SolutionConfigurationPlatforms) = preSolution
		Debug|Any CPU = Debug|Any CPU
		Debug|x64 = Debug|x64
		Debug|x86 = Debug|x86
		Release|Any CPU = Release|Any CPU
		Release|x64 = Release|x64
		Release|x86 = Release|x86
	EndGlobalSection
	GlobalSection(ProjectConfigurationPlatforms) = postSolution
		{9E2D4A0C-4775-4EE8-92B0-1632E69630D5}.Debug|Any CPU.ActiveCfg = Debug|Any CPU
		{9E2D4A0C-4775-4EE8-92B0-1632E69630D5}.Debug|Any CPU.Build.0 = Debug|Any CPU
		{9E2D4A0C-4775-4EE8-92B0-1632E69630D5}.Debug|x64.ActiveCfg = Debug|Any CPU
		{9E2D4A0C-4775-4EE8-92B0-1632E69630D5}.Debug|x64.Build.0 = Debug|Any CPU
		{9E2D4A0C-4775-4EE8-92B0-1632E69630D5}.Debug|x86.ActiveCfg = Debug|Any CPU
		{9E2D4A0C-4775-4EE8-92B0-1632E69630D5}.Debug|x86.Build.0 = Debug|Any CPU
		{9E2D4A0C-4775-4EE8-92B0-1632E69630D5}.Release|Any CPU.ActiveCfg = Debug|Any CPU
		{9E2D4A0C-4775-4EE8-92B0-1632E69630D5}.Release|Any CPU.Build.0 = Debug|Any CPU
		{9E2D4A0C-4775-4EE8-92B0-1632E69630D5}.Release|x64.ActiveCfg = Debug|Any CPU
		{9E2D4A0C-4775-4EE8-92B0-1632E69630D5}.Release|x64.Build.0 = Debug|Any CPU
		{9E2D4A0C-4775-4EE8-92B0-1632E69630D5}.Release|x86.ActiveCfg = Debug|Any CPU
		{9E2D4A0C-4775-4EE8-92B0-1632E69630D5}.Release|x86.Build.0 = Debug|Any CPU
		{ABAE2A19-CB23-4DCF-B8DB-60155205EC2C}.Debug|Any CPU.ActiveCfg = Debug|Any CPU
		{ABAE2A19-CB23-4DCF-B8DB-60155205EC2C}.Debug|Any CPU.Build.0 = Debug|Any CPU
		{ABAE2A19-CB23-4DCF-B8DB-60155205EC2C}.Debug|x64.ActiveCfg = Debug|Any CPU
		{ABAE2A19-CB23-4DCF-B8DB-60155205EC2C}.Debug|x64.Build.0 = Debug|Any CPU
		{ABAE2A19-CB23-4DCF-B8DB-60155205EC2C}.Debug|x86.ActiveCfg = Debug|Any CPU
		{ABAE2A19-CB23-4DCF-B8DB-60155205EC2C}.Debug|x86.Build.0 = Debug|Any CPU
		{ABAE2A19-CB23-4DCF-B8DB-60155205EC2C}.Release|Any CPU.ActiveCfg = Release|Any CPU
		{ABAE2A19-CB23-4DCF-B8DB-60155205EC2C}.Release|Any CPU.Build.0 = Release|Any CPU
		{ABAE2A19-CB23-4DCF-B8DB-60155205EC2C}.Release|x64.ActiveCfg = Release|Any CPU
		{ABAE2A19-CB23-4DCF-B8DB-60155205EC2C}.Release|x64.Build.0 = Release|Any CPU
		{ABAE2A19-CB23-4DCF-B8DB-60155205EC2C}.Release|x86.ActiveCfg = Release|Any CPU
		{ABAE2A19-CB23-4DCF-B8DB-60155205EC2C}.Release|x86.Build.0 = Release|Any CPU
		{0315EF6F-B42B-4A6E-A6E5-67C38016BE86}.Debug|Any CPU.ActiveCfg = Debug|Any CPU
		{0315EF6F-B42B-4A6E-A6E5-67C38016BE86}.Debug|Any CPU.Build.0 = Debug|Any CPU
		{0315EF6F-B42B-4A6E-A6E5-67C38016BE86}.Debug|x64.ActiveCfg = Debug|Any CPU
		{0315EF6F-B42B-4A6E-A6E5-67C38016BE86}.Debug|x64.Build.0 = Debug|Any CPU
		{0315EF6F-B42B-4A6E-A6E5-67C38016BE86}.Debug|x86.ActiveCfg = Debug|Any CPU
		{0315EF6F-B42B-4A6E-A6E5-67C38016BE86}.Debug|x86.Build.0 = Debug|Any CPU
		{0315EF6F-B42B-4A6E-A6E5-67C38016BE86}.Release|Any CPU.ActiveCfg = Release|Any CPU
		{0315EF6F-B42B-4A6E-A6E5-67C38016BE86}.Release|Any CPU.Build.0 = Release|Any CPU
		{0315EF6F-B42B-4A6E-A6E5-67C38016BE86}.Release|x64.ActiveCfg = Release|Any CPU
		{0315EF6F-B42B-4A6E-A6E5-67C38016BE86}.Release|x64.Build.0 = Release|Any CPU
		{0315EF6F-B42B-4A6E-A6E5-67C38016BE86}.Release|x86.ActiveCfg = Release|Any CPU
		{0315EF6F-B42B-4A6E-A6E5-67C38016BE86}.Release|x86.Build.0 = Release|Any CPU
		{17CD252B-B3B0-403E-A85E-8ED2021259C0}.Debug|Any CPU.ActiveCfg = Debug|Any CPU
		{17CD252B-B3B0-403E-A85E-8ED2021259C0}.Debug|Any CPU.Build.0 = Debug|Any CPU
		{17CD252B-B3B0-403E-A85E-8ED2021259C0}.Debug|x64.ActiveCfg = Debug|Any CPU
		{17CD252B-B3B0-403E-A85E-8ED2021259C0}.Debug|x64.Build.0 = Debug|Any CPU
		{17CD252B-B3B0-403E-A85E-8ED2021259C0}.Debug|x86.ActiveCfg = Debug|Any CPU
		{17CD252B-B3B0-403E-A85E-8ED2021259C0}.Debug|x86.Build.0 = Debug|Any CPU
		{17CD252B-B3B0-403E-A85E-8ED2021259C0}.Release|Any CPU.ActiveCfg = Release|Any CPU
		{17CD252B-B3B0-403E-A85E-8ED2021259C0}.Release|Any CPU.Build.0 = Release|Any CPU
		{17CD252B-B3B0-403E-A85E-8ED2021259C0}.Release|x64.ActiveCfg = Release|Any CPU
		{17CD252B-B3B0-403E-A85E-8ED2021259C0}.Release|x64.Build.0 = Release|Any CPU
		{17CD252B-B3B0-403E-A85E-8ED2021259C0}.Release|x86.ActiveCfg = Release|Any CPU
		{17CD252B-B3B0-403E-A85E-8ED2021259C0}.Release|x86.Build.0 = Release|Any CPU
		{40422E5B-5AD1-4797-AD3C-39A9EED1E53F}.Debug|Any CPU.ActiveCfg = Debug|Any CPU
		{40422E5B-5AD1-4797-AD3C-39A9EED1E53F}.Debug|Any CPU.Build.0 = Debug|Any CPU
		{40422E5B-5AD1-4797-AD3C-39A9EED1E53F}.Debug|x64.ActiveCfg = Debug|Any CPU
		{40422E5B-5AD1-4797-AD3C-39A9EED1E53F}.Debug|x64.Build.0 = Debug|Any CPU
		{40422E5B-5AD1-4797-AD3C-39A9EED1E53F}.Debug|x86.ActiveCfg = Debug|Any CPU
		{40422E5B-5AD1-4797-AD3C-39A9EED1E53F}.Debug|x86.Build.0 = Debug|Any CPU
		{40422E5B-5AD1-4797-AD3C-39A9EED1E53F}.Release|Any CPU.ActiveCfg = Release|Any CPU
		{40422E5B-5AD1-4797-AD3C-39A9EED1E53F}.Release|Any CPU.Build.0 = Release|Any CPU
		{40422E5B-5AD1-4797-AD3C-39A9EED1E53F}.Release|x64.ActiveCfg = Release|Any CPU
		{40422E5B-5AD1-4797-AD3C-39A9EED1E53F}.Release|x64.Build.0 = Release|Any CPU
		{40422E5B-5AD1-4797-AD3C-39A9EED1E53F}.Release|x86.ActiveCfg = Release|Any CPU
		{40422E5B-5AD1-4797-AD3C-39A9EED1E53F}.Release|x86.Build.0 = Release|Any CPU
		{2E7571DE-56A9-455C-A439-0D6E6B0FBA75}.Debug|Any CPU.ActiveCfg = Debug|Any CPU
		{2E7571DE-56A9-455C-A439-0D6E6B0FBA75}.Debug|Any CPU.Build.0 = Debug|Any CPU
		{2E7571DE-56A9-455C-A439-0D6E6B0FBA75}.Debug|x64.ActiveCfg = Debug|Any CPU
		{2E7571DE-56A9-455C-A439-0D6E6B0FBA75}.Debug|x64.Build.0 = Debug|Any CPU
		{2E7571DE-56A9-455C-A439-0D6E6B0FBA75}.Debug|x86.ActiveCfg = Debug|Any CPU
		{2E7571DE-56A9-455C-A439-0D6E6B0FBA75}.Debug|x86.Build.0 = Debug|Any CPU
		{2E7571DE-56A9-455C-A439-0D6E6B0FBA75}.Release|Any CPU.ActiveCfg = Release|Any CPU
		{2E7571DE-56A9-455C-A439-0D6E6B0FBA75}.Release|Any CPU.Build.0 = Release|Any CPU
		{2E7571DE-56A9-455C-A439-0D6E6B0FBA75}.Release|x64.ActiveCfg = Release|Any CPU
		{2E7571DE-56A9-455C-A439-0D6E6B0FBA75}.Release|x64.Build.0 = Release|Any CPU
		{2E7571DE-56A9-455C-A439-0D6E6B0FBA75}.Release|x86.ActiveCfg = Release|Any CPU
		{2E7571DE-56A9-455C-A439-0D6E6B0FBA75}.Release|x86.Build.0 = Release|Any CPU
		{F0C0C755-A210-4986-9A9D-77087D807F92}.Debug|Any CPU.ActiveCfg = Debug|Any CPU
		{F0C0C755-A210-4986-9A9D-77087D807F92}.Debug|Any CPU.Build.0 = Debug|Any CPU
		{F0C0C755-A210-4986-9A9D-77087D807F92}.Debug|x64.ActiveCfg = Debug|Any CPU
		{F0C0C755-A210-4986-9A9D-77087D807F92}.Debug|x64.Build.0 = Debug|Any CPU
		{F0C0C755-A210-4986-9A9D-77087D807F92}.Debug|x86.ActiveCfg = Debug|Any CPU
		{F0C0C755-A210-4986-9A9D-77087D807F92}.Debug|x86.Build.0 = Debug|Any CPU
		{F0C0C755-A210-4986-9A9D-77087D807F92}.Release|Any CPU.ActiveCfg = Release|Any CPU
		{F0C0C755-A210-4986-9A9D-77087D807F92}.Release|Any CPU.Build.0 = Release|Any CPU
		{F0C0C755-A210-4986-9A9D-77087D807F92}.Release|x64.ActiveCfg = Release|Any CPU
		{F0C0C755-A210-4986-9A9D-77087D807F92}.Release|x64.Build.0 = Release|Any CPU
		{F0C0C755-A210-4986-9A9D-77087D807F92}.Release|x86.ActiveCfg = Release|Any CPU
		{F0C0C755-A210-4986-9A9D-77087D807F92}.Release|x86.Build.0 = Release|Any CPU
		{81666207-FBF8-42B9-B98F-805BAD6223EE}.Debug|Any CPU.ActiveCfg = Debug|Any CPU
		{81666207-FBF8-42B9-B98F-805BAD6223EE}.Debug|Any CPU.Build.0 = Debug|Any CPU
		{81666207-FBF8-42B9-B98F-805BAD6223EE}.Debug|x64.ActiveCfg = Debug|Any CPU
		{81666207-FBF8-42B9-B98F-805BAD6223EE}.Debug|x64.Build.0 = Debug|Any CPU
		{81666207-FBF8-42B9-B98F-805BAD6223EE}.Debug|x86.ActiveCfg = Debug|Any CPU
		{81666207-FBF8-42B9-B98F-805BAD6223EE}.Debug|x86.Build.0 = Debug|Any CPU
		{81666207-FBF8-42B9-B98F-805BAD6223EE}.Release|Any CPU.ActiveCfg = Release|Any CPU
		{81666207-FBF8-42B9-B98F-805BAD6223EE}.Release|Any CPU.Build.0 = Release|Any CPU
		{81666207-FBF8-42B9-B98F-805BAD6223EE}.Release|x64.ActiveCfg = Release|Any CPU
		{81666207-FBF8-42B9-B98F-805BAD6223EE}.Release|x64.Build.0 = Release|Any CPU
		{81666207-FBF8-42B9-B98F-805BAD6223EE}.Release|x86.ActiveCfg = Release|Any CPU
		{81666207-FBF8-42B9-B98F-805BAD6223EE}.Release|x86.Build.0 = Release|Any CPU
		{B2095563-FD60-4A70-B30D-6BC55CD519A4}.Debug|Any CPU.ActiveCfg = Debug|Any CPU
		{B2095563-FD60-4A70-B30D-6BC55CD519A4}.Debug|Any CPU.Build.0 = Debug|Any CPU
		{B2095563-FD60-4A70-B30D-6BC55CD519A4}.Debug|x64.ActiveCfg = Debug|Any CPU
		{B2095563-FD60-4A70-B30D-6BC55CD519A4}.Debug|x64.Build.0 = Debug|Any CPU
		{B2095563-FD60-4A70-B30D-6BC55CD519A4}.Debug|x86.ActiveCfg = Debug|Any CPU
		{B2095563-FD60-4A70-B30D-6BC55CD519A4}.Debug|x86.Build.0 = Debug|Any CPU
		{B2095563-FD60-4A70-B30D-6BC55CD519A4}.Release|Any CPU.ActiveCfg = Release|Any CPU
		{B2095563-FD60-4A70-B30D-6BC55CD519A4}.Release|Any CPU.Build.0 = Release|Any CPU
		{B2095563-FD60-4A70-B30D-6BC55CD519A4}.Release|x64.ActiveCfg = Release|Any CPU
		{B2095563-FD60-4A70-B30D-6BC55CD519A4}.Release|x64.Build.0 = Release|Any CPU
		{B2095563-FD60-4A70-B30D-6BC55CD519A4}.Release|x86.ActiveCfg = Release|Any CPU
		{B2095563-FD60-4A70-B30D-6BC55CD519A4}.Release|x86.Build.0 = Release|Any CPU
		{A3277993-927D-4A9B-81E8-B3DBB90A3517}.Debug|Any CPU.ActiveCfg = Debug|Any CPU
		{A3277993-927D-4A9B-81E8-B3DBB90A3517}.Debug|Any CPU.Build.0 = Debug|Any CPU
		{A3277993-927D-4A9B-81E8-B3DBB90A3517}.Debug|x64.ActiveCfg = Debug|Any CPU
		{A3277993-927D-4A9B-81E8-B3DBB90A3517}.Debug|x64.Build.0 = Debug|Any CPU
		{A3277993-927D-4A9B-81E8-B3DBB90A3517}.Debug|x86.ActiveCfg = Debug|Any CPU
		{A3277993-927D-4A9B-81E8-B3DBB90A3517}.Debug|x86.Build.0 = Debug|Any CPU
		{A3277993-927D-4A9B-81E8-B3DBB90A3517}.Release|Any CPU.ActiveCfg = Release|Any CPU
		{A3277993-927D-4A9B-81E8-B3DBB90A3517}.Release|Any CPU.Build.0 = Release|Any CPU
		{A3277993-927D-4A9B-81E8-B3DBB90A3517}.Release|x64.ActiveCfg = Release|Any CPU
		{A3277993-927D-4A9B-81E8-B3DBB90A3517}.Release|x64.Build.0 = Release|Any CPU
		{A3277993-927D-4A9B-81E8-B3DBB90A3517}.Release|x86.ActiveCfg = Release|Any CPU
		{A3277993-927D-4A9B-81E8-B3DBB90A3517}.Release|x86.Build.0 = Release|Any CPU
	EndGlobalSection
	GlobalSection(SolutionProperties) = preSolution
		HideSolutionNode = FALSE
	EndGlobalSection
	GlobalSection(NestedProjects) = preSolution
		{ABAE2A19-CB23-4DCF-B8DB-60155205EC2C} = {827E0CD3-B72D-47B6-A68D-7590B98EB39B}
		{0315EF6F-B42B-4A6E-A6E5-67C38016BE86} = {0AB3BF05-4346-4AA6-1389-037BE0695223}
		{17CD252B-B3B0-403E-A85E-8ED2021259C0} = {0AB3BF05-4346-4AA6-1389-037BE0695223}
		{40422E5B-5AD1-4797-AD3C-39A9EED1E53F} = {0AB3BF05-4346-4AA6-1389-037BE0695223}
		{2E7571DE-56A9-455C-A439-0D6E6B0FBA75} = {0AB3BF05-4346-4AA6-1389-037BE0695223}
		{F0C0C755-A210-4986-9A9D-77087D807F92} = {0AB3BF05-4346-4AA6-1389-037BE0695223}
		{81666207-FBF8-42B9-B98F-805BAD6223EE} = {07C2787E-EAC7-C090-1BA3-A61EC2A24D84}
		{B2095563-FD60-4A70-B30D-6BC55CD519A4} = {0AB3BF05-4346-4AA6-1389-037BE0695223}
		{A3277993-927D-4A9B-81E8-B3DBB90A3517} = {0AB3BF05-4346-4AA6-1389-037BE0695223}
	EndGlobalSection
EndGlobal
